// !$*UTF8*$!
{
	archiveVersion = 1;
	classes = {
	};
	objectVersion = 55;
	objects = {

/* Begin PBXBuildFile section */
		EA3D505827AEF3D2000E896A /* AppDelegate.swift in Sources */ = {isa = PBXBuildFile; fileRef = EA3D505727AEF3D2000E896A /* AppDelegate.swift */; };
		EA3D505A27AEF3D2000E896A /* SceneDelegate.swift in Sources */ = {isa = PBXBuildFile; fileRef = EA3D505927AEF3D2000E896A /* SceneDelegate.swift */; };
		EA3D505C27AEF3D2000E896A /* ViewController.swift in Sources */ = {isa = PBXBuildFile; fileRef = EA3D505B27AEF3D2000E896A /* ViewController.swift */; };
		EA3D505F27AEF3D2000E896A /* Main.storyboard in Resources */ = {isa = PBXBuildFile; fileRef = EA3D505D27AEF3D2000E896A /* Main.storyboard */; };
		EA3D506127AEF3D4000E896A /* Assets.xcassets in Resources */ = {isa = PBXBuildFile; fileRef = EA3D506027AEF3D4000E896A /* Assets.xcassets */; };
		EA3D506427AEF3D4000E896A /* LaunchScreen.storyboard in Resources */ = {isa = PBXBuildFile; fileRef = EA3D506227AEF3D4000E896A /* LaunchScreen.storyboard */; };
		EA3D507627AEF47A000E896A /* 9.jpg in Resources */ = {isa = PBXBuildFile; fileRef = EA3D506C27AEF479000E896A /* 9.jpg */; };
		EA3D507727AEF47A000E896A /* 6.jpg in Resources */ = {isa = PBXBuildFile; fileRef = EA3D506D27AEF479000E896A /* 6.jpg */; };
		EA3D507827AEF47A000E896A /* 5.jpg in Resources */ = {isa = PBXBuildFile; fileRef = EA3D506E27AEF479000E896A /* 5.jpg */; };
		EA3D507927AEF47A000E896A /* 7.jpg in Resources */ = {isa = PBXBuildFile; fileRef = EA3D506F27AEF479000E896A /* 7.jpg */; };
		EA3D507A27AEF47A000E896A /* 4.jpg in Resources */ = {isa = PBXBuildFile; fileRef = EA3D507027AEF479000E896A /* 4.jpg */; };
		EA3D507B27AEF47A000E896A /* 2.jpg in Resources */ = {isa = PBXBuildFile; fileRef = EA3D507127AEF479000E896A /* 2.jpg */; };
		EA3D507C27AEF47A000E896A /* 8.jpg in Resources */ = {isa = PBXBuildFile; fileRef = EA3D507227AEF479000E896A /* 8.jpg */; };
		EA3D507D27AEF47A000E896A /* 10.jpg in Resources */ = {isa = PBXBuildFile; fileRef = EA3D507327AEF479000E896A /* 10.jpg */; };
		EA3D507E27AEF47A000E896A /* 3.jpg in Resources */ = {isa = PBXBuildFile; fileRef = EA3D507427AEF47A000E896A /* 3.jpg */; };
		EA3D507F27AEF47A000E896A /* 1.jpg in Resources */ = {isa = PBXBuildFile; fileRef = EA3D507527AEF47A000E896A /* 1.jpg */; };
/* End PBXBuildFile section */

/* Begin PBXFileReference section */
		EA3D505427AEF3D2000E896A /* PickerView.app */ = {isa = PBXFileReference; explicitFileType = wrapper.application; includeInIndex = 0; path = PickerView.app; sourceTree = BUILT_PRODUCTS_DIR; };
		EA3D505727AEF3D2000E896A /* AppDelegate.swift */ = {isa = PBXFileReference; lastKnownFileType = sourcecode.swift; path = AppDelegate.swift; sourceTree = "<group>"; };
		EA3D505927AEF3D2000E896A /* SceneDelegate.swift */ = {isa = PBXFileReference; lastKnownFileType = sourcecode.swift; path = SceneDelegate.swift; sourceTree = "<group>"; };
		EA3D505B27AEF3D2000E896A /* ViewController.swift */ = {isa = PBXFileReference; lastKnownFileType = sourcecode.swift; path = ViewController.swift; sourceTree = "<group>"; };
		EA3D505E27AEF3D2000E896A /* Base */ = {isa = PBXFileReference; lastKnownFileType = file.storyboard; name = Base; path = Base.lproj/Main.storyboard; sourceTree = "<group>"; };
		EA3D506027AEF3D4000E896A /* Assets.xcassets */ = {isa = PBXFileReference; lastKnownFileType = folder.assetcatalog; path = Assets.xcassets; sourceTree = "<group>"; };
		EA3D506327AEF3D4000E896A /* Base */ = {isa = PBXFileReference; lastKnownFileType = file.storyboard; name = Base; path = Base.lproj/LaunchScreen.storyboard; sourceTree = "<group>"; };
		EA3D506527AEF3D4000E896A /* Info.plist */ = {isa = PBXFileReference; lastKnownFileType = text.plist.xml; path = Info.plist; sourceTree = "<group>"; };
		EA3D506C27AEF479000E896A /* 9.jpg */ = {isa = PBXFileReference; lastKnownFileType = image.jpeg; path = 9.jpg; sourceTree = "<group>"; };
		EA3D506D27AEF479000E896A /* 6.jpg */ = {isa = PBXFileReference; lastKnownFileType = image.jpeg; path = 6.jpg; sourceTree = "<group>"; };
		EA3D506E27AEF479000E896A /* 5.jpg */ = {isa = PBXFileReference; lastKnownFileType = image.jpeg; path = 5.jpg; sourceTree = "<group>"; };
		EA3D506F27AEF479000E896A /* 7.jpg */ = {isa = PBXFileReference; lastKnownFileType = image.jpeg; path = 7.jpg; sourceTree = "<group>"; };
		EA3D507027AEF479000E896A /* 4.jpg */ = {isa = PBXFileReference; lastKnownFileType = image.jpeg; path = 4.jpg; sourceTree = "<group>"; };
		EA3D507127AEF479000E896A /* 2.jpg */ = {isa = PBXFileReference; lastKnownFileType = image.jpeg; path = 2.jpg; sourceTree = "<group>"; };
		EA3D507227AEF479000E896A /* 8.jpg */ = {isa = PBXFileReference; lastKnownFileType = image.jpeg; path = 8.jpg; sourceTree = "<group>"; };
		EA3D507327AEF479000E896A /* 10.jpg */ = {isa = PBXFileReference; lastKnownFileType = image.jpeg; path = 10.jpg; sourceTree = "<group>"; };
		EA3D507427AEF47A000E896A /* 3.jpg */ = {isa = PBXFileReference; lastKnownFileType = image.jpeg; path = 3.jpg; sourceTree = "<group>"; };
		EA3D507527AEF47A000E896A /* 1.jpg */ = {isa = PBXFileReference; lastKnownFileType = image.jpeg; path = 1.jpg; sourceTree = "<group>"; };
/* End PBXFileReference section */

/* Begin PBXFrameworksBuildPhase section */
		EA3D505127AEF3D2000E896A /* Frameworks */ = {
			isa = PBXFrameworksBuildPhase;
			buildActionMask = 2147483647;
			files = (
			);
			runOnlyForDeploymentPostprocessing = 0;
		};
/* End PBXFrameworksBuildPhase section */

/* Begin PBXGroup section */
		EA3D504B27AEF3D2000E896A = {
			isa = PBXGroup;
			children = (
				EA3D505627AEF3D2000E896A /* PickerView */,
				EA3D505527AEF3D2000E896A /* Products */,
			);
			sourceTree = "<group>";
		};
		EA3D505527AEF3D2000E896A /* Products */ = {
			isa = PBXGroup;
			children = (
				EA3D505427AEF3D2000E896A /* PickerView.app */,
			);
			name = Products;
			sourceTree = "<group>";
		};
		EA3D505627AEF3D2000E896A /* PickerView */ = {
			isa = PBXGroup;
			children = (
				EA3D506B27AEF40B000E896A /* images */,
				EA3D505727AEF3D2000E896A /* AppDelegate.swift */,
				EA3D505927AEF3D2000E896A /* SceneDelegate.swift */,
				EA3D505B27AEF3D2000E896A /* ViewController.swift */,
				EA3D505D27AEF3D2000E896A /* Main.storyboard */,
				EA3D506027AEF3D4000E896A /* Assets.xcassets */,
				EA3D506227AEF3D4000E896A /* LaunchScreen.storyboard */,
				EA3D506527AEF3D4000E896A /* Info.plist */,
			);
			path = PickerView;
			sourceTree = "<group>";
		};
		EA3D506B27AEF40B000E896A /* images */ = {
			isa = PBXGroup;
			children = (
				EA3D507527AEF47A000E896A /* 1.jpg */,
				EA3D507127AEF479000E896A /* 2.jpg */,
				EA3D507427AEF47A000E896A /* 3.jpg */,
				EA3D507027AEF479000E896A /* 4.jpg */,
				EA3D506E27AEF479000E896A /* 5.jpg */,
				EA3D506D27AEF479000E896A /* 6.jpg */,
				EA3D506F27AEF479000E896A /* 7.jpg */,
				EA3D507227AEF479000E896A /* 8.jpg */,
				EA3D506C27AEF479000E896A /* 9.jpg */,
				EA3D507327AEF479000E896A /* 10.jpg */,
			);
			path = images;
			sourceTree = "<group>";
		};
/* End PBXGroup section */

/* Begin PBXNativeTarget section */
		EA3D505327AEF3D2000E896A /* PickerView */ = {
			isa = PBXNativeTarget;
			buildConfigurationList = EA3D506827AEF3D4000E896A /* Build configuration list for PBXNativeTarget "PickerView" */;
			buildPhases = (
				EA3D505027AEF3D2000E896A /* Sources */,
				EA3D505127AEF3D2000E896A /* Frameworks */,
				EA3D505227AEF3D2000E896A /* Resources */,
			);
			buildRules = (
			);
			dependencies = (
			);
			name = PickerView;
			productName = PickerView;
			productReference = EA3D505427AEF3D2000E896A /* PickerView.app */;
			productType = "com.apple.product-type.application";
		};
/* End PBXNativeTarget section */

/* Begin PBXProject section */
		EA3D504C27AEF3D2000E896A /* Project object */ = {
			isa = PBXProject;
			attributes = {
				BuildIndependentTargetsInParallel = 1;
				LastSwiftUpdateCheck = 1320;
				LastUpgradeCheck = 1320;
				TargetAttributes = {
					EA3D505327AEF3D2000E896A = {
						CreatedOnToolsVersion = 13.2.1;
					};
				};
			};
			buildConfigurationList = EA3D504F27AEF3D2000E896A /* Build configuration list for PBXProject "PickerView" */;
			compatibilityVersion = "Xcode 13.0";
			developmentRegion = en;
			hasScannedForEncodings = 0;
			knownRegions = (
				en,
				Base,
			);
			mainGroup = EA3D504B27AEF3D2000E896A;
			productRefGroup = EA3D505527AEF3D2000E896A /* Products */;
			projectDirPath = "";
			projectRoot = "";
			targets = (
				EA3D505327AEF3D2000E896A /* PickerView */,
			);
		};
/* End PBXProject section */

/* Begin PBXResourcesBuildPhase section */
		EA3D505227AEF3D2000E896A /* Resources */ = {
			isa = PBXResourcesBuildPhase;
			buildActionMask = 2147483647;
			files = (
				EA3D507C27AEF47A000E896A /* 8.jpg in Resources */,
				EA3D507F27AEF47A000E896A /* 1.jpg in Resources */,
				EA3D507A27AEF47A000E896A /* 4.jpg in Resources */,
				EA3D506427AEF3D4000E896A /* LaunchScreen.storyboard in Resources */,
				EA3D507E27AEF47A000E896A /* 3.jpg in Resources */,
				EA3D507D27AEF47A000E896A /* 10.jpg in Resources */,
				EA3D507627AEF47A000E896A /* 9.jpg in Resources */,
				EA3D507B27AEF47A000E896A /* 2.jpg in Resources */,
				EA3D506127AEF3D4000E896A /* Assets.xcassets in Resources */,
				EA3D507927AEF47A000E896A /* 7.jpg in Resources */,
				EA3D507827AEF47A000E896A /* 5.jpg in Resources */,
				EA3D505F27AEF3D2000E896A /* Main.storyboard in Resources */,
				EA3D507727AEF47A000E896A /* 6.jpg in Resources */,
			);
			runOnlyForDeploymentPostprocessing = 0;
		};
/* End PBXResourcesBuildPhase section */

/* Begin PBXSourcesBuildPhase section */
		EA3D505027AEF3D2000E896A /* Sources */ = {
			isa = PBXSourcesBuildPhase;
			buildActionMask = 2147483647;
			files = (
				EA3D505C27AEF3D2000E896A /* ViewController.swift in Sources */,
				EA3D505827AEF3D2000E896A /* AppDelegate.swift in Sources */,
				EA3D505A27AEF3D2000E896A /* SceneDelegate.swift in Sources */,
			);
			runOnlyForDeploymentPostprocessing = 0;
		};
/* End PBXSourcesBuildPhase section */

/* Begin PBXVariantGroup section */
		EA3D505D27AEF3D2000E896A /* Main.storyboard */ = {
			isa = PBXVariantGroup;
			children = (
				EA3D505E27AEF3D2000E896A /* Base */,
			);
			name = Main.storyboard;
			sourceTree = "<group>";
		};
		EA3D506227AEF3D4000E896A /* LaunchScreen.storyboard */ = {
			isa = PBXVariantGroup;
			children = (
				EA3D506327AEF3D4000E896A /* Base */,
			);
			name = LaunchScreen.storyboard;
			sourceTree = "<group>";
		};
/* End PBXVariantGroup section */

/* Begin XCBuildConfiguration section */
		EA3D506627AEF3D4000E896A /* Debug */ = {
			isa = XCBuildConfiguration;
			buildSettings = {
				ALWAYS_SEARCH_USER_PATHS = NO;
				CLANG_ANALYZER_NONNULL = YES;
				CLANG_ANALYZER_NUMBER_OBJECT_CONVERSION = YES_AGGRESSIVE;
				CLANG_CXX_LANGUAGE_STANDARD = "gnu++17";
				CLANG_CXX_LIBRARY = "libc++";
				CLANG_ENABLE_MODULES = YES;
				CLANG_ENABLE_OBJC_ARC = YES;
				CLANG_ENABLE_OBJC_WEAK = YES;
				CLANG_WARN_BLOCK_CAPTURE_AUTORELEASING = YES;
				CLANG_WARN_BOOL_CONVERSION = YES;
				CLANG_WARN_COMMA = YES;
				CLANG_WARN_CONSTANT_CONVERSION = YES;
				CLANG_WARN_DEPRECATED_OBJC_IMPLEMENTATIONS = YES;
				CLANG_WARN_DIRECT_OBJC_ISA_USAGE = YES_ERROR;
				CLANG_WARN_DOCUMENTATION_COMMENTS = YES;
				CLANG_WARN_EMPTY_BODY = YES;
				CLANG_WARN_ENUM_CONVERSION = YES;
				CLANG_WARN_INFINITE_RECURSION = YES;
				CLANG_WARN_INT_CONVERSION = YES;
				CLANG_WARN_NON_LITERAL_NULL_CONVERSION = YES;
				CLANG_WARN_OBJC_IMPLICIT_RETAIN_SELF = YES;
				CLANG_WARN_OBJC_LITERAL_CONVERSION = YES;
				CLANG_WARN_OBJC_ROOT_CLASS = YES_ERROR;
				CLANG_WARN_QUOTED_INCLUDE_IN_FRAMEWORK_HEADER = YES;
				CLANG_WARN_RANGE_LOOP_ANALYSIS = YES;
				CLANG_WARN_STRICT_PROTOTYPES = YES;
				CLANG_WARN_SUSPICIOUS_MOVE = YES;
				CLANG_WARN_UNGUARDED_AVAILABILITY = YES_AGGRESSIVE;
				CLANG_WARN_UNREACHABLE_CODE = YES;
				CLANG_WARN__DUPLICATE_METHOD_MATCH = YES;
				COPY_PHASE_STRIP = NO;
				DEBUG_INFORMATION_FORMAT = dwarf;
				ENABLE_STRICT_OBJC_MSGSEND = YES;
				ENABLE_TESTABILITY = YES;
				GCC_C_LANGUAGE_STANDARD = gnu11;
				GCC_DYNAMIC_NO_PIC = NO;
				GCC_NO_COMMON_BLOCKS = YES;
				GCC_OPTIMIZATION_LEVEL = 0;
				GCC_PREPROCESSOR_DEFINITIONS = (
					"DEBUG=1",
					"$(inherited)",
				);
				GCC_WARN_64_TO_32_BIT_CONVERSION = YES;
				GCC_WARN_ABOUT_RETURN_TYPE = YES_ERROR;
				GCC_WARN_UNDECLARED_SELECTOR = YES;
				GCC_WARN_UNINITIALIZED_AUTOS = YES_AGGRESSIVE;
				GCC_WARN_UNUSED_FUNCTION = YES;
				GCC_WARN_UNUSED_VARIABLE = YES;
				IPHONEOS_DEPLOYMENT_TARGET = 15.2;
				MTL_ENABLE_DEBUG_INFO = INCLUDE_SOURCE;
				MTL_FAST_MATH = YES;
				ONLY_ACTIVE_ARCH = YES;
				SDKROOT = iphoneos;
				SWIFT_ACTIVE_COMPILATION_CONDITIONS = DEBUG;
				SWIFT_OPTIMIZATION_LEVEL = "-Onone";
			};
			name = Debug;
		};
		EA3D506727AEF3D4000E896A /* Release */ = {
			isa = XCBuildConfiguration;
			buildSettings = {
				ALWAYS_SEARCH_USER_PATHS = NO;
				CLANG_ANALYZER_NONNULL = YES;
				CLANG_ANALYZER_NUMBER_OBJECT_CONVERSION = YES_AGGRESSIVE;
				CLANG_CXX_LANGUAGE_STANDARD = "gnu++17";
				CLANG_CXX_LIBRARY = "libc++";
				CLANG_ENABLE_MODULES = YES;
				CLANG_ENABLE_OBJC_ARC = YES;
				CLANG_ENABLE_OBJC_WEAK = YES;
				CLANG_WARN_BLOCK_CAPTURE_AUTORELEASING = YES;
				CLANG_WARN_BOOL_CONVERSION = YES;
				CLANG_WARN_COMMA = YES;
				CLANG_WARN_CONSTANT_CONVERSION = YES;
				CLANG_WARN_DEPRECATED_OBJC_IMPLEMENTATIONS = YES;
				CLANG_WARN_DIRECT_OBJC_ISA_USAGE = YES_ERROR;
				CLANG_WARN_DOCUMENTATION_COMMENTS = YES;
				CLANG_WARN_EMPTY_BODY = YES;
				CLANG_WARN_ENUM_CONVERSION = YES;
				CLANG_WARN_INFINITE_RECURSION = YES;
				CLANG_WARN_INT_CONVERSION = YES;
				CLANG_WARN_NON_LITERAL_NULL_CONVERSION = YES;
				CLANG_WARN_OBJC_IMPLICIT_RETAIN_SELF = YES;
				CLANG_WARN_OBJC_LITERAL_CONVERSION = YES;
				CLANG_WARN_OBJC_ROOT_CLASS = YES_ERROR;
				CLANG_WARN_QUOTED_INCLUDE_IN_FRAMEWORK_HEADER = YES;
				CLANG_WARN_RANGE_LOOP_ANALYSIS = YES;
				CLANG_WARN_STRICT_PROTOTYPES = YES;
				CLANG_WARN_SUSPICIOUS_MOVE = YES;
				CLANG_WARN_UNGUARDED_AVAILABILITY = YES_AGGRESSIVE;
				CLANG_WARN_UNREACHABLE_CODE = YES;
				CLANG_WARN__DUPLICATE_METHOD_MATCH = YES;
				COPY_PHASE_STRIP = NO;
				DEBUG_INFORMATION_FORMAT = "dwarf-with-dsym";
				ENABLE_NS_ASSERTIONS = NO;
				ENABLE_STRICT_OBJC_MSGSEND = YES;
				GCC_C_LANGUAGE_STANDARD = gnu11;
				GCC_NO_COMMON_BLOCKS = YES;
				GCC_WARN_64_TO_32_BIT_CONVERSION = YES;
				GCC_WARN_ABOUT_RETURN_TYPE = YES_ERROR;
				GCC_WARN_UNDECLARED_SELECTOR = YES;
				GCC_WARN_UNINITIALIZED_AUTOS = YES_AGGRESSIVE;
				GCC_WARN_UNUSED_FUNCTION = YES;
				GCC_WARN_UNUSED_VARIABLE = YES;
				IPHONEOS_DEPLOYMENT_TARGET = 15.2;
				MTL_ENABLE_DEBUG_INFO = NO;
				MTL_FAST_MATH = YES;
				SDKROOT = iphoneos;
				SWIFT_COMPILATION_MODE = wholemodule;
				SWIFT_OPTIMIZATION_LEVEL = "-O";
				VALIDATE_PRODUCT = YES;
			};
			name = Release;
		};
		EA3D506927AEF3D4000E896A /* Debug */ = {
			isa = XCBuildConfiguration;
			buildSettings = {
				ASSETCATALOG_COMPILER_APPICON_NAME = AppIcon;
				ASSETCATALOG_COMPILER_GLOBAL_ACCENT_COLOR_NAME = AccentColor;
				CODE_SIGN_STYLE = Automatic;
				CURRENT_PROJECT_VERSION = 1;
				GENERATE_INFOPLIST_FILE = YES;
				INFOPLIST_FILE = PickerView/Info.plist;
				INFOPLIST_KEY_UIApplicationSupportsIndirectInputEvents = YES;
				INFOPLIST_KEY_UILaunchStoryboardName = LaunchScreen;
				INFOPLIST_KEY_UIMainStoryboardFile = Main;
				INFOPLIST_KEY_UISupportedInterfaceOrientations_iPad = "UIInterfaceOrientationPortrait UIInterfaceOrientationPortraitUpsideDown UIInterfaceOrientationLandscapeLeft UIInterfaceOrientationLandscapeRight";
				INFOPLIST_KEY_UISupportedInterfaceOrientations_iPhone = "UIInterfaceOrientationPortrait UIInterfaceOrientationLandscapeLeft UIInterfaceOrientationLandscapeRight";
				IPHONEOS_DEPLOYMENT_TARGET = 14.0;
				LD_RUNPATH_SEARCH_PATHS = (
					"$(inherited)",
					"@executable_path/Frameworks",
				);
				MARKETING_VERSION = 1.0;
				PRODUCT_BUNDLE_IDENTIFIER = net.macnpc.PickerView;
				PRODUCT_NAME = "$(TARGET_NAME)";
				SWIFT_EMIT_LOC_STRINGS = YES;
				SWIFT_VERSION = 5.0;
				TARGETED_DEVICE_FAMILY = "1,2";
			};
			name = Debug;
		};
		EA3D506A27AEF3D4000E896A /* Release */ = {
			isa = XCBuildConfiguration;
			buildSettings = {
				ASSETCATALOG_COMPILER_APPICON_NAME = AppIcon;
				ASSETCATALOG_COMPILER_GLOBAL_ACCENT_COLOR_NAME = AccentColor;
				CODE_SIGN_STYLE = Automatic;
				CURRENT_PROJECT_VERSION = 1;
				GENERATE_INFOPLIST_FILE = YES;
				INFOPLIST_FILE = PickerView/Info.plist;
				INFOPLIST_KEY_UIApplicationSupportsIndirectInputEvents = YES;
				INFOPLIST_KEY_UILaunchStoryboardName = LaunchScreen;
				INFOPLIST_KEY_UIMainStoryboardFile = Main;
				INFOPLIST_KEY_UISupportedInterfaceOrientations_iPad = "UIInterfaceOrientationPortrait UIInterfaceOrientationPortraitUpsideDown UIInterfaceOrientationLandscapeLeft UIInterfaceOrientationLandscapeRight";
				INFOPLIST_KEY_UISupportedInterfaceOrientations_iPhone = "UIInterfaceOrientationPortrait UIInterfaceOrientationLandscapeLeft UIInterfaceOrientationLandscapeRight";
				IPHONEOS_DEPLOYMENT_TARGET = 14.0;
				LD_RUNPATH_SEARCH_PATHS = (
					"$(inherited)",
					"@executable_path/Frameworks",
				);
				MARKETING_VERSION = 1.0;
				PRODUCT_BUNDLE_IDENTIFIER = net.macnpc.PickerView;
				PRODUCT_NAME = "$(TARGET_NAME)";
				SWIFT_EMIT_LOC_STRINGS = YES;
				SWIFT_VERSION = 5.0;
				TARGETED_DEVICE_FAMILY = "1,2";
			};
			name = Release;
		};
/* End XCBuildConfiguration section */

/* Begin XCConfigurationList section */
		EA3D504F27AEF3D2000E896A /* Build configuration list for PBXProject "PickerView" */ = {
			isa = XCConfigurationList;
			buildConfigurations = (
				EA3D506627AEF3D4000E896A /* Debug */,
				EA3D506727AEF3D4000E896A /* Release */,
			);
			defaultConfigurationIsVisible = 0;
			defaultConfigurationName = Release;
		};
		EA3D506827AEF3D4000E896A /* Build configuration list for PBXNativeTarget "PickerView" */ = {
			isa = XCConfigurationList;
			buildConfigurations = (
				EA3D506927AEF3D4000E896A /* Debug */,
				EA3D506A27AEF3D4000E896A /* Release */,
			);
			defaultConfigurationIsVisible = 0;
			defaultConfigurationName = Release;
		};
/* End XCConfigurationList section */
	};
	rootObject = EA3D504C27AEF3D2000E896A /* Project object */;
}
